<?xml version="1.0" encoding="utf-8"?>
<Project ToolsVersion="4.0" xmlns="http://schemas.microsoft.com/developer/msbuild/2003">
  <ItemGroup>
    <None Include="Henri2048x2048.ppm" />
    <None Include="SobelKernels.cl" />
  </ItemGroup>
  <ItemGroup>
    <ClInclude Include="ImageUtils.h" />
    <ClInclude Include="OpenCLUtils.h" />
  </ItemGroup>
  <ItemGroup>
    <ClCompile Include="SobelMain.cpp" />
  </ItemGroup>
</Project>